// !$*UTF8*$!
{
	archiveVersion = 1;
	classes = {
	};
	objectVersion = 52;
	objects = {

/* Begin PBXBuildFile section */
		ABAABB7C251CCA6E0010FB4B /* AppDelegate.swift in Sources */ = {isa = PBXBuildFile; fileRef = ABAABB7B251CCA6E0010FB4B /* AppDelegate.swift */; };
		ABAABB7E251CCA6E0010FB4B /* SceneDelegate.swift in Sources */ = {isa = PBXBuildFile; fileRef = ABAABB7D251CCA6E0010FB4B /* SceneDelegate.swift */; };
		ABAABB80251CCA6E0010FB4B /* ContentView.swift in Sources */ = {isa = PBXBuildFile; fileRef = ABAABB7F251CCA6E0010FB4B /* ContentView.swift */; };
		ABAABB82251CCA710010FB4B /* Assets.xcassets in Resources */ = {isa = PBXBuildFile; fileRef = ABAABB81251CCA710010FB4B /* Assets.xcassets */; };
		ABAABB85251CCA710010FB4B /* Preview Assets.xcassets in Resources */ = {isa = PBXBuildFile; fileRef = ABAABB84251CCA710010FB4B /* Preview Assets.xcassets */; };
		ABAABB88251CCA710010FB4B /* LaunchScreen.storyboard in Resources */ = {isa = PBXBuildFile; fileRef = ABAABB86251CCA710010FB4B /* LaunchScreen.storyboard */; };
		ABAABB93251CE3DD0010FB4B /* Alamofire in Frameworks */ = {isa = PBXBuildFile; productRef = ABAABB92251CE3DD0010FB4B /* Alamofire */; };
/* End PBXBuildFile section */

/* Begin PBXFileReference section */
		ABAABB78251CCA6E0010FB4B /* ReWant.app */ = {isa = PBXFileReference; explicitFileType = wrapper.application; includeInIndex = 0; path = ReWant.app; sourceTree = BUILT_PRODUCTS_DIR; };
		ABAABB7B251CCA6E0010FB4B /* AppDelegate.swift */ = {isa = PBXFileReference; lastKnownFileType = sourcecode.swift; path = AppDelegate.swift; sourceTree = "<group>"; };
		ABAABB7D251CCA6E0010FB4B /* SceneDelegate.swift */ = {isa = PBXFileReference; lastKnownFileType = sourcecode.swift; path = SceneDelegate.swift; sourceTree = "<group>"; };
		ABAABB7F251CCA6E0010FB4B /* ContentView.swift */ = {isa = PBXFileReference; lastKnownFileType = sourcecode.swift; path = ContentView.swift; sourceTree = "<group>"; };
		ABAABB81251CCA710010FB4B /* Assets.xcassets */ = {isa = PBXFileReference; lastKnownFileType = folder.assetcatalog; path = Assets.xcassets; sourceTree = "<group>"; };
		ABAABB84251CCA710010FB4B /* Preview Assets.xcassets */ = {isa = PBXFileReference; lastKnownFileType = folder.assetcatalog; path = "Preview Assets.xcassets"; sourceTree = "<group>"; };
		ABAABB87251CCA710010FB4B /* Base */ = {isa = PBXFileReference; lastKnownFileType = file.storyboard; name = Base; path = Base.lproj/LaunchScreen.storyboard; sourceTree = "<group>"; };
		ABAABB89251CCA710010FB4B /* Info.plist */ = {isa = PBXFileReference; lastKnownFileType = text.plist.xml; path = Info.plist; sourceTree = "<group>"; };
/* End PBXFileReference section */

/* Begin PBXFrameworksBuildPhase section */
		ABAABB75251CCA6E0010FB4B /* Frameworks */ = {
			isa = PBXFrameworksBuildPhase;
			buildActionMask = 2147483647;
			files = (
				ABAABB93251CE3DD0010FB4B /* Alamofire in Frameworks */,
			);
			runOnlyForDeploymentPostprocessing = 0;
		};
/* End PBXFrameworksBuildPhase section */

/* Begin PBXGroup section */
		ABAABB6F251CCA6E0010FB4B = {
			isa = PBXGroup;
			children = (
				ABAABB7A251CCA6E0010FB4B /* ReWant */,
				ABAABB79251CCA6E0010FB4B /* Products */,
			);
			sourceTree = "<group>";
		};
		ABAABB79251CCA6E0010FB4B /* Products */ = {
			isa = PBXGroup;
			children = (
				ABAABB78251CCA6E0010FB4B /* ReWant.app */,
			);
			name = Products;
			sourceTree = "<group>";
		};
		ABAABB7A251CCA6E0010FB4B /* ReWant */ = {
			isa = PBXGroup;
			children = (
				ABAABB7B251CCA6E0010FB4B /* AppDelegate.swift */,
				ABAABB7D251CCA6E0010FB4B /* SceneDelegate.swift */,
				ABAABB7F251CCA6E0010FB4B /* ContentView.swift */,
				ABAABB81251CCA710010FB4B /* Assets.xcassets */,
				ABAABB86251CCA710010FB4B /* LaunchScreen.storyboard */,
				ABAABB89251CCA710010FB4B /* Info.plist */,
				ABAABB83251CCA710010FB4B /* Preview Content */,
			);
			path = ReWant;
			sourceTree = "<group>";
		};
		ABAABB83251CCA710010FB4B /* Preview Content */ = {
			isa = PBXGroup;
			children = (
				ABAABB84251CCA710010FB4B /* Preview Assets.xcassets */,
			);
			path = "Preview Content";
			sourceTree = "<group>";
		};
/* End PBXGroup section */

/* Begin PBXNativeTarget section */
		ABAABB77251CCA6E0010FB4B /* ReWant */ = {
			isa = PBXNativeTarget;
			buildConfigurationList = ABAABB8C251CCA710010FB4B /* Build configuration list for PBXNativeTarget "ReWant" */;
			buildPhases = (
				ABAABB74251CCA6E0010FB4B /* Sources */,
				ABAABB75251CCA6E0010FB4B /* Frameworks */,
				ABAABB76251CCA6E0010FB4B /* Resources */,
			);
			buildRules = (
			);
			dependencies = (
			);
			name = ReWant;
			packageProductDependencies = (
				ABAABB92251CE3DD0010FB4B /* Alamofire */,
			);
			productName = ReWant;
			productReference = ABAABB78251CCA6E0010FB4B /* ReWant.app */;
			productType = "com.apple.product-type.application";
		};
/* End PBXNativeTarget section */

/* Begin PBXProject section */
		ABAABB70251CCA6E0010FB4B /* Project object */ = {
			isa = PBXProject;
			attributes = {
				LastSwiftUpdateCheck = 1200;
				LastUpgradeCheck = 1200;
				TargetAttributes = {
					ABAABB77251CCA6E0010FB4B = {
						CreatedOnToolsVersion = 12.0;
					};
				};
			};
			buildConfigurationList = ABAABB73251CCA6E0010FB4B /* Build configuration list for PBXProject "ReWant" */;
			compatibilityVersion = "Xcode 9.3";
			developmentRegion = en;
			hasScannedForEncodings = 0;
			knownRegions = (
				en,
				Base,
			);
			mainGroup = ABAABB6F251CCA6E0010FB4B;
			packageReferences = (
				ABAABB91251CE3DD0010FB4B /* XCRemoteSwiftPackageReference "Alamofire" */,
			);
			productRefGroup = ABAABB79251CCA6E0010FB4B /* Products */;
			projectDirPath = "";
			projectRoot = "";
			targets = (
				ABAABB77251CCA6E0010FB4B /* ReWant */,
			);
		};
/* End PBXProject section */

/* Begin PBXResourcesBuildPhase section */
		ABAABB76251CCA6E0010FB4B /* Resources */ = {
			isa = PBXResourcesBuildPhase;
			buildActionMask = 2147483647;
			files = (
				ABAABB88251CCA710010FB4B /* LaunchScreen.storyboard in Resources */,
				ABAABB85251CCA710010FB4B /* Preview Assets.xcassets in Resources */,
				ABAABB82251CCA710010FB4B /* Assets.xcassets in Resources */,
			);
			runOnlyForDeploymentPostprocessing = 0;
		};
/* End PBXResourcesBuildPhase section */

/* Begin PBXSourcesBuildPhase section */
		ABAABB74251CCA6E0010FB4B /* Sources */ = {
			isa = PBXSourcesBuildPhase;
			buildActionMask = 2147483647;
			files = (
				ABAABB7C251CCA6E0010FB4B /* AppDelegate.swift in Sources */,
				ABAABB7E251CCA6E0010FB4B /* SceneDelegate.swift in Sources */,
				ABAABB80251CCA6E0010FB4B /* ContentView.swift in Sources */,
			);
			runOnlyForDeploymentPostprocessing = 0;
		};
/* End PBXSourcesBuildPhase section */

/* Begin PBXVariantGroup section */
		ABAABB86251CCA710010FB4B /* LaunchScreen.storyboard */ = {
			isa = PBXVariantGroup;
			children = (
				ABAABB87251CCA710010FB4B /* Base */,
			);
			name = LaunchScreen.storyboard;
			sourceTree = "<group>";
		};
/* End PBXVariantGroup section */

/* Begin XCBuildConfiguration section */
		ABAABB8A251CCA710010FB4B /* Debug */ = {
			isa = XCBuildConfiguration;
			buildSettings = {
				ALWAYS_SEARCH_USER_PATHS = NO;
				CLANG_ANALYZER_NONNULL = YES;
				CLANG_ANALYZER_NUMBER_OBJECT_CONVERSION = YES_AGGRESSIVE;
				CLANG_CXX_LANGUAGE_STANDARD = "gnu++14";
				CLANG_CXX_LIBRARY = "libc++";
				CLANG_ENABLE_MODULES = YES;
				CLANG_ENABLE_OBJC_ARC = YES;
				CLANG_ENABLE_OBJC_WEAK = YES;
				CLANG_WARN_BLOCK_CAPTURE_AUTORELEASING = YES;
				CLANG_WARN_BOOL_CONVERSION = YES;
				CLANG_WARN_COMMA = YES;
				CLANG_WARN_CONSTANT_CONVERSION = YES;
				CLANG_WARN_DEPRECATED_OBJC_IMPLEMENTATIONS = YES;
				CLANG_WARN_DIRECT_OBJC_ISA_USAGE = YES_ERROR;
				CLANG_WARN_DOCUMENTATION_COMMENTS = YES;
				CLANG_WARN_EMPTY_BODY = YES;
				CLANG_WARN_ENUM_CONVERSION = YES;
				CLANG_WARN_INFINITE_RECURSION = YES;
				CLANG_WARN_INT_CONVERSION = YES;
				CLANG_WARN_NON_LITERAL_NULL_CONVERSION = YES;
				CLANG_WARN_OBJC_IMPLICIT_RETAIN_SELF = YES;
				CLANG_WARN_OBJC_LITERAL_CONVERSION = YES;
				CLANG_WARN_OBJC_ROOT_CLASS = YES_ERROR;
				CLANG_WARN_QUOTED_INCLUDE_IN_FRAMEWORK_HEADER = YES;
				CLANG_WARN_RANGE_LOOP_ANALYSIS = YES;
				CLANG_WARN_STRICT_PROTOTYPES = YES;
				CLANG_WARN_SUSPICIOUS_MOVE = YES;
				CLANG_WARN_UNGUARDED_AVAILABILITY = YES_AGGRESSIVE;
				CLANG_WARN_UNREACHABLE_CODE = YES;
				CLANG_WARN__DUPLICATE_METHOD_MATCH = YES;
				COPY_PHASE_STRIP = NO;
				DEBUG_INFORMATION_FORMAT = dwarf;
				ENABLE_STRICT_OBJC_MSGSEND = YES;
				ENABLE_TESTABILITY = YES;
				GCC_C_LANGUAGE_STANDARD = gnu11;
				GCC_DYNAMIC_NO_PIC = NO;
				GCC_NO_COMMON_BLOCKS = YES;
				GCC_OPTIMIZATION_LEVEL = 0;
				GCC_PREPROCESSOR_DEFINITIONS = (
					"DEBUG=1",
					"$(inherited)",
				);
				GCC_WARN_64_TO_32_BIT_CONVERSION = YES;
				GCC_WARN_ABOUT_RETURN_TYPE = YES_ERROR;
				GCC_WARN_UNDECLARED_SELECTOR = YES;
				GCC_WARN_UNINITIALIZED_AUTOS = YES_AGGRESSIVE;
				GCC_WARN_UNUSED_FUNCTION = YES;
				GCC_WARN_UNUSED_VARIABLE = YES;
				IPHONEOS_DEPLOYMENT_TARGET = 13.5;
				MTL_ENABLE_DEBUG_INFO = INCLUDE_SOURCE;
				MTL_FAST_MATH = YES;
				ONLY_ACTIVE_ARCH = YES;
				SDKROOT = iphoneos;
				SWIFT_ACTIVE_COMPILATION_CONDITIONS = DEBUG;
				SWIFT_OPTIMIZATION_LEVEL = "-Onone";
			};
			name = Debug;
		};
		ABAABB8B251CCA710010FB4B /* Release */ = {
			isa = XCBuildConfiguration;
			buildSettings = {
				ALWAYS_SEARCH_USER_PATHS = NO;
				CLANG_ANALYZER_NONNULL = YES;
				CLANG_ANALYZER_NUMBER_OBJECT_CONVERSION = YES_AGGRESSIVE;
				CLANG_CXX_LANGUAGE_STANDARD = "gnu++14";
				CLANG_CXX_LIBRARY = "libc++";
				CLANG_ENABLE_MODULES = YES;
				CLANG_ENABLE_OBJC_ARC = YES;
				CLANG_ENABLE_OBJC_WEAK = YES;
				CLANG_WARN_BLOCK_CAPTURE_AUTORELEASING = YES;
				CLANG_WARN_BOOL_CONVERSION = YES;
				CLANG_WARN_COMMA = YES;
				CLANG_WARN_CONSTANT_CONVERSION = YES;
				CLANG_WARN_DEPRECATED_OBJC_IMPLEMENTATIONS = YES;
				CLANG_WARN_DIRECT_OBJC_ISA_USAGE = YES_ERROR;
				CLANG_WARN_DOCUMENTATION_COMMENTS = YES;
				CLANG_WARN_EMPTY_BODY = YES;
				CLANG_WARN_ENUM_CONVERSION = YES;
				CLANG_WARN_INFINITE_RECURSION = YES;
				CLANG_WARN_INT_CONVERSION = YES;
				CLANG_WARN_NON_LITERAL_NULL_CONVERSION = YES;
				CLANG_WARN_OBJC_IMPLICIT_RETAIN_SELF = YES;
				CLANG_WARN_OBJC_LITERAL_CONVERSION = YES;
				CLANG_WARN_OBJC_ROOT_CLASS = YES_ERROR;
				CLANG_WARN_QUOTED_INCLUDE_IN_FRAMEWORK_HEADER = YES;
				CLANG_WARN_RANGE_LOOP_ANALYSIS = YES;
				CLANG_WARN_STRICT_PROTOTYPES = YES;
				CLANG_WARN_SUSPICIOUS_MOVE = YES;
				CLANG_WARN_UNGUARDED_AVAILABILITY = YES_AGGRESSIVE;
				CLANG_WARN_UNREACHABLE_CODE = YES;
				CLANG_WARN__DUPLICATE_METHOD_MATCH = YES;
				COPY_PHASE_STRIP = NO;
				DEBUG_INFORMATION_FORMAT = "dwarf-with-dsym";
				ENABLE_NS_ASSERTIONS = NO;
				ENABLE_STRICT_OBJC_MSGSEND = YES;
				GCC_C_LANGUAGE_STANDARD = gnu11;
				GCC_NO_COMMON_BLOCKS = YES;
				GCC_WARN_64_TO_32_BIT_CONVERSION = YES;
				GCC_WARN_ABOUT_RETURN_TYPE = YES_ERROR;
				GCC_WARN_UNDECLARED_SELECTOR = YES;
				GCC_WARN_UNINITIALIZED_AUTOS = YES_AGGRESSIVE;
				GCC_WARN_UNUSED_FUNCTION = YES;
				GCC_WARN_UNUSED_VARIABLE = YES;
				IPHONEOS_DEPLOYMENT_TARGET = 13.5;
				MTL_ENABLE_DEBUG_INFO = NO;
				MTL_FAST_MATH = YES;
				SDKROOT = iphoneos;
				SWIFT_COMPILATION_MODE = wholemodule;
				SWIFT_OPTIMIZATION_LEVEL = "-O";
				VALIDATE_PRODUCT = YES;
			};
			name = Release;
		};
		ABAABB8D251CCA710010FB4B /* Debug */ = {
			isa = XCBuildConfiguration;
			buildSettings = {
				ASSETCATALOG_COMPILER_APPICON_NAME = AppIcon;
				ASSETCATALOG_COMPILER_GLOBAL_ACCENT_COLOR_NAME = AccentColor;
				CODE_SIGN_STYLE = Automatic;
				DEVELOPMENT_ASSET_PATHS = "\"ReWant/Preview Content\"";
				DEVELOPMENT_TEAM = 9RU52AC58E;
				ENABLE_PREVIEWS = YES;
				INFOPLIST_FILE = ReWant/Info.plist;
				LD_RUNPATH_SEARCH_PATHS = (
					"$(inherited)",
					"@executable_path/Frameworks",
				);
				PRODUCT_BUNDLE_IDENTIFIER = h.alireza.ReWant;
				PRODUCT_NAME = "$(TARGET_NAME)";
				SWIFT_VERSION = 5.0;
				TARGETED_DEVICE_FAMILY = "1,2";
			};
			name = Debug;
		};
		ABAABB8E251CCA710010FB4B /* Release */ = {
			isa = XCBuildConfiguration;
			buildSettings = {
				ASSETCATALOG_COMPILER_APPICON_NAME = AppIcon;
				ASSETCATALOG_COMPILER_GLOBAL_ACCENT_COLOR_NAME = AccentColor;
				CODE_SIGN_STYLE = Automatic;
				DEVELOPMENT_ASSET_PATHS = "\"ReWant/Preview Content\"";
				DEVELOPMENT_TEAM = 9RU52AC58E;
				ENABLE_PREVIEWS = YES;
				INFOPLIST_FILE = ReWant/Info.plist;
				LD_RUNPATH_SEARCH_PATHS = (
					"$(inherited)",
					"@executable_path/Frameworks",
				);
				PRODUCT_BUNDLE_IDENTIFIER = h.alireza.ReWant;
				PRODUCT_NAME = "$(TARGET_NAME)";
				SWIFT_VERSION = 5.0;
				TARGETED_DEVICE_FAMILY = "1,2";
			};
			name = Release;
		};
/* End XCBuildConfiguration section */

/* Begin XCConfigurationList section */
		ABAABB73251CCA6E0010FB4B /* Build configuration list for PBXProject "ReWant" */ = {
			isa = XCConfigurationList;
			buildConfigurations = (
				ABAABB8A251CCA710010FB4B /* Debug */,
				ABAABB8B251CCA710010FB4B /* Release */,
			);
			defaultConfigurationIsVisible = 0;
			defaultConfigurationName = Release;
		};
		ABAABB8C251CCA710010FB4B /* Build configuration list for PBXNativeTarget "ReWant" */ = {
			isa = XCConfigurationList;
			buildConfigurations = (
				ABAABB8D251CCA710010FB4B /* Debug */,
				ABAABB8E251CCA710010FB4B /* Release */,
			);
			defaultConfigurationIsVisible = 0;
			defaultConfigurationName = Release;
		};
/* End XCConfigurationList section */

/* Begin XCRemoteSwiftPackageReference section */
		ABAABB91251CE3DD0010FB4B /* XCRemoteSwiftPackageReference "Alamofire" */ = {
			isa = XCRemoteSwiftPackageReference;
			repositoryURL = "https://github.com/Alamofire/Alamofire";
			requirement = {
				kind = upToNextMajorVersion;
				minimumVersion = 5.2.2;
			};
		};
/* End XCRemoteSwiftPackageReference section */

/* Begin XCSwiftPackageProductDependency section */
		ABAABB92251CE3DD0010FB4B /* Alamofire */ = {
			isa = XCSwiftPackageProductDependency;
			package = ABAABB91251CE3DD0010FB4B /* XCRemoteSwiftPackageReference "Alamofire" */;
			productName = Alamofire;
		};
/* End XCSwiftPackageProductDependency section */
	};
	rootObject = ABAABB70251CCA6E0010FB4B /* Project object */;
}
